
Microsoft Visual Studio Solution File, Format Version 12.00
# Visual Studio Version 17
VisualStudioVersion = 17.12.35707.178
MinimumVisualStudioVersion = 10.0.40219.1
Project("{8BC9CEB8-8B4A-11D0-8D11-00A0C91BC942}") = "CPlusPlusPlusPlus", "CPlusPlusPlusPlus\CPlusPlusPlusPlus.vcxproj", "{6CB70EC1-351D-4E31-938C-05222986EF79}"
EndProject
Project("{8BC9CEB8-8B4A-11D0-8D11-00A0C91BC942}") = "dataTypes", "dataTypes\dataTypes.vcxproj", "{A61EB00D-21E2-4D48-A470-C4AB0DBD1B65}"
EndProject
Project("{8BC9CEB8-8B4A-11D0-8D11-00A0C91BC942}") = "Employees", "Employees\Employees.vcxproj", "{7599A071-1161-46B0-8C12-33B2977FAFF3}"
EndProject
Project("{8BC9CEB8-8B4A-11D0-8D11-00A0C91BC942}") = "DiceGame", "DiceGame\DiceGame.vcxproj", "{BCDBC5A0-6C2C-408B-8159-A014F055228C}"
EndProject
Project("{8BC9CEB8-8B4A-11D0-8D11-00A0C91BC942}") = "Memory", "Memory\Memory.vcxproj", "{8E622696-7659-4726-B91B-28F4FD9C164B}"
EndProject
Project("{8BC9CEB8-8B4A-11D0-8D11-00A0C91BC942}") = "MemoryReview", "MemoryReview\MemoryReview.vcxproj", "{708ECDCA-CAFF-424C-8ED3-64582446FCEE}"
EndProject
Project("{8BC9CEB8-8B4A-11D0-8D11-00A0C91BC942}") = "containers", "containers\containers.vcxproj", "{F856121C-4824-4961-A14B-FBF9C6299C42}"
EndProject
Project("{8BC9CEB8-8B4A-11D0-8D11-00A0C91BC942}") = "OOP", "OOP\OOP.vcxproj", "{DDC7D9FB-FEA9-45FB-A6EB-5E6F23B3BCE4}"
EndProject
Project("{8BC9CEB8-8B4A-11D0-8D11-00A0C91BC942}") = "C++Classes", "C++Classes\C++Classes.vcxproj", "{E8CC2B3A-3D78-4E05-B996-B58676AFC4DB}"
EndProject
Project("{8BC9CEB8-8B4A-11D0-8D11-00A0C91BC942}") = "FailAssignment", "FailAssignment\FailAssignment.vcxproj", "{9CC6C859-C2E8-4804-94F2-F2BC20DA5C7A}"
EndProject
Project("{8BC9CEB8-8B4A-11D0-8D11-00A0C91BC942}") = "FractionAssignment", "FractionAssignment\FractionAssignment.vcxproj", "{DAB2C3C0-9427-4B8D-ACAA-A7DEB1B1B1D5}"
EndProject
Global
	GlobalSection(SolutionConfigurationPlatforms) = preSolution
		Debug|x64 = Debug|x64
		Debug|x86 = Debug|x86
		Release|x64 = Release|x64
		Release|x86 = Release|x86
	EndGlobalSection
	GlobalSection(ProjectConfigurationPlatforms) = postSolution
		{6CB70EC1-351D-4E31-938C-05222986EF79}.Debug|x64.ActiveCfg = Debug|x64
		{6CB70EC1-351D-4E31-938C-05222986EF79}.Debug|x64.Build.0 = Debug|x64
		{6CB70EC1-351D-4E31-938C-05222986EF79}.Debug|x86.ActiveCfg = Debug|Win32
		{6CB70EC1-351D-4E31-938C-05222986EF79}.Debug|x86.Build.0 = Debug|Win32
		{6CB70EC1-351D-4E31-938C-05222986EF79}.Release|x64.ActiveCfg = Release|x64
		{6CB70EC1-351D-4E31-938C-05222986EF79}.Release|x64.Build.0 = Release|x64
		{6CB70EC1-351D-4E31-938C-05222986EF79}.Release|x86.ActiveCfg = Release|Win32
		{6CB70EC1-351D-4E31-938C-05222986EF79}.Release|x86.Build.0 = Release|Win32
		{A61EB00D-21E2-4D48-A470-C4AB0DBD1B65}.Debug|x64.ActiveCfg = Debug|x64
		{A61EB00D-21E2-4D48-A470-C4AB0DBD1B65}.Debug|x64.Build.0 = Debug|x64
		{A61EB00D-21E2-4D48-A470-C4AB0DBD1B65}.Debug|x86.ActiveCfg = Debug|Win32
		{A61EB00D-21E2-4D48-A470-C4AB0DBD1B65}.Debug|x86.Build.0 = Debug|Win32
		{A61EB00D-21E2-4D48-A470-C4AB0DBD1B65}.Release|x64.ActiveCfg = Release|x64
		{A61EB00D-21E2-4D48-A470-C4AB0DBD1B65}.Release|x64.Build.0 = Release|x64
		{A61EB00D-21E2-4D48-A470-C4AB0DBD1B65}.Release|x86.ActiveCfg = Release|Win32
		{A61EB00D-21E2-4D48-A470-C4AB0DBD1B65}.Release|x86.Build.0 = Release|Win32
		{7599A071-1161-46B0-8C12-33B2977FAFF3}.Debug|x64.ActiveCfg = Debug|x64
		{7599A071-1161-46B0-8C12-33B2977FAFF3}.Debug|x64.Build.0 = Debug|x64
		{7599A071-1161-46B0-8C12-33B2977FAFF3}.Debug|x86.ActiveCfg = Debug|Win32
		{7599A071-1161-46B0-8C12-33B2977FAFF3}.Debug|x86.Build.0 = Debug|Win32
		{7599A071-1161-46B0-8C12-33B2977FAFF3}.Release|x64.ActiveCfg = Release|x64
		{7599A071-1161-46B0-8C12-33B2977FAFF3}.Release|x64.Build.0 = Release|x64
		{7599A071-1161-46B0-8C12-33B2977FAFF3}.Release|x86.ActiveCfg = Release|Win32
		{7599A071-1161-46B0-8C12-33B2977FAFF3}.Release|x86.Build.0 = Release|Win32
		{BCDBC5A0-6C2C-408B-8159-A014F055228C}.Debug|x64.ActiveCfg = Debug|x64
		{BCDBC5A0-6C2C-408B-8159-A014F055228C}.Debug|x64.Build.0 = Debug|x64
		{BCDBC5A0-6C2C-408B-8159-A014F055228C}.Debug|x86.ActiveCfg = Debug|Win32
		{BCDBC5A0-6C2C-408B-8159-A014F055228C}.Debug|x86.Build.0 = Debug|Win32
		{BCDBC5A0-6C2C-408B-8159-A014F055228C}.Release|x64.ActiveCfg = Release|x64
		{BCDBC5A0-6C2C-408B-8159-A014F055228C}.Release|x64.Build.0 = Release|x64
		{BCDBC5A0-6C2C-408B-8159-A014F055228C}.Release|x86.ActiveCfg = Release|Win32
		{BCDBC5A0-6C2C-408B-8159-A014F055228C}.Release|x86.Build.0 = Release|Win32
		{8E622696-7659-4726-B91B-28F4FD9C164B}.Debug|x64.ActiveCfg = Debug|x64
		{8E622696-7659-4726-B91B-28F4FD9C164B}.Debug|x64.Build.0 = Debug|x64
		{8E622696-7659-4726-B91B-28F4FD9C164B}.Debug|x86.ActiveCfg = Debug|Win32
		{8E622696-7659-4726-B91B-28F4FD9C164B}.Debug|x86.Build.0 = Debug|Win32
		{8E622696-7659-4726-B91B-28F4FD9C164B}.Release|x64.ActiveCfg = Release|x64
		{8E622696-7659-4726-B91B-28F4FD9C164B}.Release|x64.Build.0 = Release|x64
		{8E622696-7659-4726-B91B-28F4FD9C164B}.Release|x86.ActiveCfg = Release|Win32
		{8E622696-7659-4726-B91B-28F4FD9C164B}.Release|x86.Build.0 = Release|Win32
		{708ECDCA-CAFF-424C-8ED3-64582446FCEE}.Debug|x64.ActiveCfg = Debug|x64
		{708ECDCA-CAFF-424C-8ED3-64582446FCEE}.Debug|x64.Build.0 = Debug|x64
		{708ECDCA-CAFF-424C-8ED3-64582446FCEE}.Debug|x86.ActiveCfg = Debug|Win32
		{708ECDCA-CAFF-424C-8ED3-64582446FCEE}.Debug|x86.Build.0 = Debug|Win32
		{708ECDCA-CAFF-424C-8ED3-64582446FCEE}.Release|x64.ActiveCfg = Release|x64
		{708ECDCA-CAFF-424C-8ED3-64582446FCEE}.Release|x64.Build.0 = Release|x64
		{708ECDCA-CAFF-424C-8ED3-64582446FCEE}.Release|x86.ActiveCfg = Release|Win32
		{708ECDCA-CAFF-424C-8ED3-64582446FCEE}.Release|x86.Build.0 = Release|Win32
		{F856121C-4824-4961-A14B-FBF9C6299C42}.Debug|x64.ActiveCfg = Debug|x64
		{F856121C-4824-4961-A14B-FBF9C6299C42}.Debug|x64.Build.0 = Debug|x64
		{F856121C-4824-4961-A14B-FBF9C6299C42}.Debug|x86.ActiveCfg = Debug|Win32
		{F856121C-4824-4961-A14B-FBF9C6299C42}.Debug|x86.Build.0 = Debug|Win32
		{F856121C-4824-4961-A14B-FBF9C6299C42}.Release|x64.ActiveCfg = Release|x64
		{F856121C-4824-4961-A14B-FBF9C6299C42}.Release|x64.Build.0 = Release|x64
		{F856121C-4824-4961-A14B-FBF9C6299C42}.Release|x86.ActiveCfg = Release|Win32
		{F856121C-4824-4961-A14B-FBF9C6299C42}.Release|x86.Build.0 = Release|Win32
		{DDC7D9FB-FEA9-45FB-A6EB-5E6F23B3BCE4}.Debug|x64.ActiveCfg = Debug|x64
		{DDC7D9FB-FEA9-45FB-A6EB-5E6F23B3BCE4}.Debug|x64.Build.0 = Debug|x64
		{DDC7D9FB-FEA9-45FB-A6EB-5E6F23B3BCE4}.Debug|x86.ActiveCfg = Debug|Win32
		{DDC7D9FB-FEA9-45FB-A6EB-5E6F23B3BCE4}.Debug|x86.Build.0 = Debug|Win32
		{DDC7D9FB-FEA9-45FB-A6EB-5E6F23B3BCE4}.Release|x64.ActiveCfg = Release|x64
		{DDC7D9FB-FEA9-45FB-A6EB-5E6F23B3BCE4}.Release|x64.Build.0 = Release|x64
		{DDC7D9FB-FEA9-45FB-A6EB-5E6F23B3BCE4}.Release|x86.ActiveCfg = Release|Win32
		{DDC7D9FB-FEA9-45FB-A6EB-5E6F23B3BCE4}.Release|x86.Build.0 = Release|Win32
		{E8CC2B3A-3D78-4E05-B996-B58676AFC4DB}.Debug|x64.ActiveCfg = Debug|x64
		{E8CC2B3A-3D78-4E05-B996-B58676AFC4DB}.Debug|x64.Build.0 = Debug|x64
		{E8CC2B3A-3D78-4E05-B996-B58676AFC4DB}.Debug|x86.ActiveCfg = Debug|Win32
		{E8CC2B3A-3D78-4E05-B996-B58676AFC4DB}.Debug|x86.Build.0 = Debug|Win32
		{E8CC2B3A-3D78-4E05-B996-B58676AFC4DB}.Release|x64.ActiveCfg = Release|x64
		{E8CC2B3A-3D78-4E05-B996-B58676AFC4DB}.Release|x64.Build.0 = Release|x64
		{E8CC2B3A-3D78-4E05-B996-B58676AFC4DB}.Release|x86.ActiveCfg = Release|Win32
		{E8CC2B3A-3D78-4E05-B996-B58676AFC4DB}.Release|x86.Build.0 = Release|Win32
		{9CC6C859-C2E8-4804-94F2-F2BC20DA5C7A}.Debug|x64.ActiveCfg = Debug|x64
		{9CC6C859-C2E8-4804-94F2-F2BC20DA5C7A}.Debug|x64.Build.0 = Debug|x64
		{9CC6C859-C2E8-4804-94F2-F2BC20DA5C7A}.Debug|x86.ActiveCfg = Debug|Win32
		{9CC6C859-C2E8-4804-94F2-F2BC20DA5C7A}.Debug|x86.Build.0 = Debug|Win32
		{9CC6C859-C2E8-4804-94F2-F2BC20DA5C7A}.Release|x64.ActiveCfg = Release|x64
		{9CC6C859-C2E8-4804-94F2-F2BC20DA5C7A}.Release|x64.Build.0 = Release|x64
		{9CC6C859-C2E8-4804-94F2-F2BC20DA5C7A}.Release|x86.ActiveCfg = Release|Win32
		{9CC6C859-C2E8-4804-94F2-F2BC20DA5C7A}.Release|x86.Build.0 = Release|Win32
		{DAB2C3C0-9427-4B8D-ACAA-A7DEB1B1B1D5}.Debug|x64.ActiveCfg = Debug|x64
		{DAB2C3C0-9427-4B8D-ACAA-A7DEB1B1B1D5}.Debug|x64.Build.0 = Debug|x64
		{DAB2C3C0-9427-4B8D-ACAA-A7DEB1B1B1D5}.Debug|x86.ActiveCfg = Debug|Win32
		{DAB2C3C0-9427-4B8D-ACAA-A7DEB1B1B1D5}.Debug|x86.Build.0 = Debug|Win32
		{DAB2C3C0-9427-4B8D-ACAA-A7DEB1B1B1D5}.Release|x64.ActiveCfg = Release|x64
		{DAB2C3C0-9427-4B8D-ACAA-A7DEB1B1B1D5}.Release|x64.Build.0 = Release|x64
		{DAB2C3C0-9427-4B8D-ACAA-A7DEB1B1B1D5}.Release|x86.ActiveCfg = Release|Win32
		{DAB2C3C0-9427-4B8D-ACAA-A7DEB1B1B1D5}.Release|x86.Build.0 = Release|Win32
	EndGlobalSection
	GlobalSection(SolutionProperties) = preSolution
		HideSolutionNode = FALSE
	EndGlobalSection
EndGlobal
